// !$*UTF8*$!
{
	archiveVersion = 1;
	classes = {
	};
	objectVersion = 77;
	objects = {

/* Begin PBXBuildFile section */
		A00154982DC82D6900F9819F /* FirebaseAuth in Frameworks */ = {isa = PBXBuildFile; productRef = A00154972DC82D6900F9819F /* FirebaseAuth */; };
		A001549A2DC82D6900F9819F /* FirebaseCore in Frameworks */ = {isa = PBXBuildFile; productRef = A00154992DC82D6900F9819F /* FirebaseCore */; };
		A001549C2DC82D6900F9819F /* FirebaseFirestore in Frameworks */ = {isa = PBXBuildFile; productRef = A001549B2DC82D6900F9819F /* FirebaseFirestore */; };
		A001549E2DC82D6900F9819F /* FirebaseStorage in Frameworks */ = {isa = PBXBuildFile; productRef = A001549D2DC82D6900F9819F /* FirebaseStorage */; };
		A00154E42DC88AF600F9819F /* GoogleService-Info.plist in Resources */ = {isa = PBXBuildFile; fileRef = A00154E32DC88AF600F9819F /* GoogleService-Info.plist */; };
/* End PBXBuildFile section */

/* Begin PBXContainerItemProxy section */
		A00154782DC82C7600F9819F /* PBXContainerItemProxy */ = {
			isa = PBXContainerItemProxy;
			containerPortal = A00154622DC82C7500F9819F /* Project object */;
			proxyType = 1;
			remoteGlobalIDString = A00154692DC82C7500F9819F;
			remoteInfo = LAScramble;
		};
		A00154822DC82C7600F9819F /* PBXContainerItemProxy */ = {
			isa = PBXContainerItemProxy;
			containerPortal = A00154622DC82C7500F9819F /* Project object */;
			proxyType = 1;
			remoteGlobalIDString = A00154692DC82C7500F9819F;
			remoteInfo = LAScramble;
		};
/* End PBXContainerItemProxy section */

/* Begin PBXFileReference section */
		A001546A2DC82C7500F9819F /* LAScramble.app */ = {isa = PBXFileReference; explicitFileType = wrapper.application; includeInIndex = 0; path = LAScramble.app; sourceTree = BUILT_PRODUCTS_DIR; };
		A00154772DC82C7600F9819F /* LAScrambleTests.xctest */ = {isa = PBXFileReference; explicitFileType = wrapper.cfbundle; includeInIndex = 0; path = LAScrambleTests.xctest; sourceTree = BUILT_PRODUCTS_DIR; };
		A00154812DC82C7600F9819F /* LAScrambleUITests.xctest */ = {isa = PBXFileReference; explicitFileType = wrapper.cfbundle; includeInIndex = 0; path = LAScrambleUITests.xctest; sourceTree = BUILT_PRODUCTS_DIR; };
		A00154E32DC88AF600F9819F /* GoogleService-Info.plist */ = {isa = PBXFileReference; lastKnownFileType = text.plist.xml; path = "GoogleService-Info.plist"; sourceTree = "<group>"; };
/* End PBXFileReference section */

/* Begin PBXFileSystemSynchronizedBuildFileExceptionSet section */
		A00154E02DC848CE00F9819F /* Exceptions for "LAScramble" folder in "LAScramble" target */ = {
			isa = PBXFileSystemSynchronizedBuildFileExceptionSet;
			membershipExceptions = (
				Untitled.swift,
			);
			target = A00154692DC82C7500F9819F /* LAScramble */;
		};
/* End PBXFileSystemSynchronizedBuildFileExceptionSet section */

/* Begin PBXFileSystemSynchronizedRootGroup section */
		A001546C2DC82C7500F9819F /* LAScramble */ = {
			isa = PBXFileSystemSynchronizedRootGroup;
			exceptions = (
				A00154E02DC848CE00F9819F /* Exceptions for "LAScramble" folder in "LAScramble" target */,
			);
			path = LAScramble;
			sourceTree = "<group>";
		};
		A001547A2DC82C7600F9819F /* LAScrambleTests */ = {
			isa = PBXFileSystemSynchronizedRootGroup;
			path = LAScrambleTests;
			sourceTree = "<group>";
		};
		A00154842DC82C7600F9819F /* LAScrambleUITests */ = {
			isa = PBXFileSystemSynchronizedRootGroup;
			path = LAScrambleUITests;
			sourceTree = "<group>";
		};
/* End PBXFileSystemSynchronizedRootGroup section */

/* Begin PBXFrameworksBuildPhase section */
		A00154672DC82C7500F9819F /* Frameworks */ = {
			isa = PBXFrameworksBuildPhase;
			buildActionMask = 2147483647;
			files = (
				A001549A2DC82D6900F9819F /* FirebaseCore in Frameworks */,
				A001549E2DC82D6900F9819F /* FirebaseStorage in Frameworks */,
				A00154982DC82D6900F9819F /* FirebaseAuth in Frameworks */,
				A001549C2DC82D6900F9819F /* FirebaseFirestore in Frameworks */,
			);
			runOnlyForDeploymentPostprocessing = 0;
		};
		A00154742DC82C7600F9819F /* Frameworks */ = {
			isa = PBXFrameworksBuildPhase;
			buildActionMask = 2147483647;
			files = (
			);
			runOnlyForDeploymentPostprocessing = 0;
		};
		A001547E2DC82C7600F9819F /* Frameworks */ = {
			isa = PBXFrameworksBuildPhase;
			buildActionMask = 2147483647;
			files = (
			);
			runOnlyForDeploymentPostprocessing = 0;
		};
/* End PBXFrameworksBuildPhase section */

/* Begin PBXGroup section */
		A00154612DC82C7500F9819F = {
			isa = PBXGroup;
			children = (
				A001546C2DC82C7500F9819F /* LAScramble */,
				A001547A2DC82C7600F9819F /* LAScrambleTests */,
				A00154842DC82C7600F9819F /* LAScrambleUITests */,
				A001546B2DC82C7500F9819F /* Products */,
				A00154E32DC88AF600F9819F /* GoogleService-Info.plist */,
			);
			sourceTree = "<group>";
		};
		A001546B2DC82C7500F9819F /* Products */ = {
			isa = PBXGroup;
			children = (
				A001546A2DC82C7500F9819F /* LAScramble.app */,
				A00154772DC82C7600F9819F /* LAScrambleTests.xctest */,
				A00154812DC82C7600F9819F /* LAScrambleUITests.xctest */,
			);
			name = Products;
			sourceTree = "<group>";
		};
/* End PBXGroup section */

/* Begin PBXNativeTarget section */
		A00154692DC82C7500F9819F /* LAScramble */ = {
			isa = PBXNativeTarget;
			buildConfigurationList = A001548B2DC82C7600F9819F /* Build configuration list for PBXNativeTarget "LAScramble" */;
			buildPhases = (
				A00154662DC82C7500F9819F /* Sources */,
				A00154672DC82C7500F9819F /* Frameworks */,
				A00154682DC82C7500F9819F /* Resources */,
			);
			buildRules = (
			);
			dependencies = (
			);
			fileSystemSynchronizedGroups = (
				A001546C2DC82C7500F9819F /* LAScramble */,
			);
			name = LAScramble;
			packageProductDependencies = (
				A00154972DC82D6900F9819F /* FirebaseAuth */,
				A00154992DC82D6900F9819F /* FirebaseCore */,
				A001549B2DC82D6900F9819F /* FirebaseFirestore */,
				A001549D2DC82D6900F9819F /* FirebaseStorage */,
			);
			productName = LAScramble;
			productReference = A001546A2DC82C7500F9819F /* LAScramble.app */;
			productType = "com.apple.product-type.application";
		};
		A00154762DC82C7600F9819F /* LAScrambleTests */ = {
			isa = PBXNativeTarget;
			buildConfigurationList = A001548E2DC82C7600F9819F /* Build configuration list for PBXNativeTarget "LAScrambleTests" */;
			buildPhases = (
				A00154732DC82C7600F9819F /* Sources */,
				A00154742DC82C7600F9819F /* Frameworks */,
				A00154752DC82C7600F9819F /* Resources */,
			);
			buildRules = (
			);
			dependencies = (
				A00154792DC82C7600F9819F /* PBXTargetDependency */,
			);
			fileSystemSynchronizedGroups = (
				A001547A2DC82C7600F9819F /* LAScrambleTests */,
			);
			name = LAScrambleTests;
			packageProductDependencies = (
			);
			productName = LAScrambleTests;
			productReference = A00154772DC82C7600F9819F /* LAScrambleTests.xctest */;
			productType = "com.apple.product-type.bundle.unit-test";
		};
		A00154802DC82C7600F9819F /* LAScrambleUITests */ = {
			isa = PBXNativeTarget;
			buildConfigurationList = A00154912DC82C7600F9819F /* Build configuration list for PBXNativeTarget "LAScrambleUITests" */;
			buildPhases = (
				A001547D2DC82C7600F9819F /* Sources */,
				A001547E2DC82C7600F9819F /* Frameworks */,
				A001547F2DC82C7600F9819F /* Resources */,
			);
			buildRules = (
			);
			dependencies = (
				A00154832DC82C7600F9819F /* PBXTargetDependency */,
			);
			fileSystemSynchronizedGroups = (
				A00154842DC82C7600F9819F /* LAScrambleUITests */,
			);
			name = LAScrambleUITests;
			packageProductDependencies = (
			);
			productName = LAScrambleUITests;
			productReference = A00154812DC82C7600F9819F /* LAScrambleUITests.xctest */;
			productType = "com.apple.product-type.bundle.ui-testing";
		};
/* End PBXNativeTarget section */

/* Begin PBXProject section */
		A00154622DC82C7500F9819F /* Project object */ = {
			isa = PBXProject;
			attributes = {
				BuildIndependentTargetsInParallel = 1;
				LastSwiftUpdateCheck = 1630;
				LastUpgradeCheck = 1630;
				TargetAttributes = {
					A00154692DC82C7500F9819F = {
						CreatedOnToolsVersion = 16.3;
					};
					A00154762DC82C7600F9819F = {
						CreatedOnToolsVersion = 16.3;
						TestTargetID = A00154692DC82C7500F9819F;
					};
					A00154802DC82C7600F9819F = {
						CreatedOnToolsVersion = 16.3;
						TestTargetID = A00154692DC82C7500F9819F;
					};
				};
			};
			buildConfigurationList = A00154652DC82C7500F9819F /* Build configuration list for PBXProject "LAScramble" */;
			developmentRegion = en;
			hasScannedForEncodings = 0;
			knownRegions = (
				en,
				Base,
			);
			mainGroup = A00154612DC82C7500F9819F;
			minimizedProjectReferenceProxies = 1;
			packageReferences = (
				A00154962DC82D6900F9819F /* XCRemoteSwiftPackageReference "firebase-ios-sdk" */,
			);
			preferredProjectObjectVersion = 77;
			productRefGroup = A001546B2DC82C7500F9819F /* Products */;
			projectDirPath = "";
			projectRoot = "";
			targets = (
				A00154692DC82C7500F9819F /* LAScramble */,
				A00154762DC82C7600F9819F /* LAScrambleTests */,
				A00154802DC82C7600F9819F /* LAScrambleUITests */,
			);
		};
/* End PBXProject section */

/* Begin PBXResourcesBuildPhase section */
		A00154682DC82C7500F9819F /* Resources */ = {
			isa = PBXResourcesBuildPhase;
			buildActionMask = 2147483647;
			files = (
				A00154E42DC88AF600F9819F /* GoogleService-Info.plist in Resources */,
			);
			runOnlyForDeploymentPostprocessing = 0;
		};
		A00154752DC82C7600F9819F /* Resources */ = {
			isa = PBXResourcesBuildPhase;
			buildActionMask = 2147483647;
			files = (
			);
			runOnlyForDeploymentPostprocessing = 0;
		};
		A001547F2DC82C7600F9819F /* Resources */ = {
			isa = PBXResourcesBuildPhase;
			buildActionMask = 2147483647;
			files = (
			);
			runOnlyForDeploymentPostprocessing = 0;
		};
/* End PBXResourcesBuildPhase section */

/* Begin PBXSourcesBuildPhase section */
		A00154662DC82C7500F9819F /* Sources */ = {
			isa = PBXSourcesBuildPhase;
			buildActionMask = 2147483647;
			files = (
			);
			runOnlyForDeploymentPostprocessing = 0;
		};
		A00154732DC82C7600F9819F /* Sources */ = {
			isa = PBXSourcesBuildPhase;
			buildActionMask = 2147483647;
			files = (
			);
			runOnlyForDeploymentPostprocessing = 0;
		};
		A001547D2DC82C7600F9819F /* Sources */ = {
			isa = PBXSourcesBuildPhase;
			buildActionMask = 2147483647;
			files = (
			);
			runOnlyForDeploymentPostprocessing = 0;
		};
/* End PBXSourcesBuildPhase section */

/* Begin PBXTargetDependency section */
		A00154792DC82C7600F9819F /* PBXTargetDependency */ = {
			isa = PBXTargetDependency;
			target = A00154692DC82C7500F9819F /* LAScramble */;
			targetProxy = A00154782DC82C7600F9819F /* PBXContainerItemProxy */;
		};
		A00154832DC82C7600F9819F /* PBXTargetDependency */ = {
			isa = PBXTargetDependency;
			target = A00154692DC82C7500F9819F /* LAScramble */;
			targetProxy = A00154822DC82C7600F9819F /* PBXContainerItemProxy */;
		};
/* End PBXTargetDependency section */

/* Begin XCBuildConfiguration section */
		A00154892DC82C7600F9819F /* Debug */ = {
			isa = XCBuildConfiguration;
			buildSettings = {
				ALWAYS_SEARCH_USER_PATHS = NO;
				ASSETCATALOG_COMPILER_GENERATE_SWIFT_ASSET_SYMBOL_EXTENSIONS = YES;
				CLANG_ANALYZER_NONNULL = YES;
				CLANG_ANALYZER_NUMBER_OBJECT_CONVERSION = YES_AGGRESSIVE;
				CLANG_CXX_LANGUAGE_STANDARD = "gnu++20";
				CLANG_ENABLE_MODULES = YES;
				CLANG_ENABLE_OBJC_ARC = YES;
				CLANG_ENABLE_OBJC_WEAK = YES;
				CLANG_WARN_BLOCK_CAPTURE_AUTORELEASING = YES;
				CLANG_WARN_BOOL_CONVERSION = YES;
				CLANG_WARN_COMMA = YES;
				CLANG_WARN_CONSTANT_CONVERSION = YES;
				CLANG_WARN_DEPRECATED_OBJC_IMPLEMENTATIONS = YES;
				CLANG_WARN_DIRECT_OBJC_ISA_USAGE = YES_ERROR;
				CLANG_WARN_DOCUMENTATION_COMMENTS = YES;
				CLANG_WARN_EMPTY_BODY = YES;
				CLANG_WARN_ENUM_CONVERSION = YES;
				CLANG_WARN_INFINITE_RECURSION = YES;
				CLANG_WARN_INT_CONVERSION = YES;
				CLANG_WARN_NON_LITERAL_NULL_CONVERSION = YES;
				CLANG_WARN_OBJC_IMPLICIT_RETAIN_SELF = YES;
				CLANG_WARN_OBJC_LITERAL_CONVERSION = YES;
				CLANG_WARN_OBJC_ROOT_CLASS = YES_ERROR;
				CLANG_WARN_QUOTED_INCLUDE_IN_FRAMEWORK_HEADER = YES;
				CLANG_WARN_RANGE_LOOP_ANALYSIS = YES;
				CLANG_WARN_STRICT_PROTOTYPES = YES;
				CLANG_WARN_SUSPICIOUS_MOVE = YES;
				CLANG_WARN_UNGUARDED_AVAILABILITY = YES_AGGRESSIVE;
				CLANG_WARN_UNREACHABLE_CODE = YES;
				CLANG_WARN__DUPLICATE_METHOD_MATCH = YES;
				COPY_PHASE_STRIP = NO;
				DEBUG_INFORMATION_FORMAT = dwarf;
				DEVELOPMENT_TEAM = 35AG3P6KDM;
				ENABLE_STRICT_OBJC_MSGSEND = YES;
				ENABLE_TESTABILITY = YES;
				ENABLE_USER_SCRIPT_SANDBOXING = YES;
				GCC_C_LANGUAGE_STANDARD = gnu17;
				GCC_DYNAMIC_NO_PIC = NO;
				GCC_NO_COMMON_BLOCKS = YES;
				GCC_OPTIMIZATION_LEVEL = 0;
				GCC_PREPROCESSOR_DEFINITIONS = (
					"DEBUG=1",
					"$(inherited)",
				);
				GCC_WARN_64_TO_32_BIT_CONVERSION = YES;
				GCC_WARN_ABOUT_RETURN_TYPE = YES_ERROR;
				GCC_WARN_UNDECLARED_SELECTOR = YES;
				GCC_WARN_UNINITIALIZED_AUTOS = YES_AGGRESSIVE;
				GCC_WARN_UNUSED_FUNCTION = YES;
				GCC_WARN_UNUSED_VARIABLE = YES;
				IPHONEOS_DEPLOYMENT_TARGET = 18.4;
				LOCALIZATION_PREFERS_STRING_CATALOGS = YES;
				MTL_ENABLE_DEBUG_INFO = INCLUDE_SOURCE;
				MTL_FAST_MATH = YES;
				ONLY_ACTIVE_ARCH = YES;
				SDKROOT = iphoneos;
				SWIFT_ACTIVE_COMPILATION_CONDITIONS = "DEBUG $(inherited)";
				SWIFT_OPTIMIZATION_LEVEL = "-Onone";
			};
			name = Debug;
		};
		A001548A2DC82C7600F9819F /* Release */ = {
			isa = XCBuildConfiguration;
			buildSettings = {
				ALWAYS_SEARCH_USER_PATHS = NO;
				ASSETCATALOG_COMPILER_GENERATE_SWIFT_ASSET_SYMBOL_EXTENSIONS = YES;
				CLANG_ANALYZER_NONNULL = YES;
				CLANG_ANALYZER_NUMBER_OBJECT_CONVERSION = YES_AGGRESSIVE;
				CLANG_CXX_LANGUAGE_STANDARD = "gnu++20";
				CLANG_ENABLE_MODULES = YES;
				CLANG_ENABLE_OBJC_ARC = YES;
				CLANG_ENABLE_OBJC_WEAK = YES;
				CLANG_WARN_BLOCK_CAPTURE_AUTORELEASING = YES;
				CLANG_WARN_BOOL_CONVERSION = YES;
				CLANG_WARN_COMMA = YES;
				CLANG_WARN_CONSTANT_CONVERSION = YES;
				CLANG_WARN_DEPRECATED_OBJC_IMPLEMENTATIONS = YES;
				CLANG_WARN_DIRECT_OBJC_ISA_USAGE = YES_ERROR;
				CLANG_WARN_DOCUMENTATION_COMMENTS = YES;
				CLANG_WARN_EMPTY_BODY = YES;
				CLANG_WARN_ENUM_CONVERSION = YES;
				CLANG_WARN_INFINITE_RECURSION = YES;
				CLANG_WARN_INT_CONVERSION = YES;
				CLANG_WARN_NON_LITERAL_NULL_CONVERSION = YES;
				CLANG_WARN_OBJC_IMPLICIT_RETAIN_SELF = YES;
				CLANG_WARN_OBJC_LITERAL_CONVERSION = YES;
				CLANG_WARN_OBJC_ROOT_CLASS = YES_ERROR;
				CLANG_WARN_QUOTED_INCLUDE_IN_FRAMEWORK_HEADER = YES;
				CLANG_WARN_RANGE_LOOP_ANALYSIS = YES;
				CLANG_WARN_STRICT_PROTOTYPES = YES;
				CLANG_WARN_SUSPICIOUS_MOVE = YES;
				CLANG_WARN_UNGUARDED_AVAILABILITY = YES_AGGRESSIVE;
				CLANG_WARN_UNREACHABLE_CODE = YES;
				CLANG_WARN__DUPLICATE_METHOD_MATCH = YES;
				COPY_PHASE_STRIP = NO;
				DEBUG_INFORMATION_FORMAT = "dwarf-with-dsym";
				DEVELOPMENT_TEAM = 35AG3P6KDM;
				ENABLE_NS_ASSERTIONS = NO;
				ENABLE_STRICT_OBJC_MSGSEND = YES;
				ENABLE_USER_SCRIPT_SANDBOXING = YES;
				GCC_C_LANGUAGE_STANDARD = gnu17;
				GCC_NO_COMMON_BLOCKS = YES;
				GCC_WARN_64_TO_32_BIT_CONVERSION = YES;
				GCC_WARN_ABOUT_RETURN_TYPE = YES_ERROR;
				GCC_WARN_UNDECLARED_SELECTOR = YES;
				GCC_WARN_UNINITIALIZED_AUTOS = YES_AGGRESSIVE;
				GCC_WARN_UNUSED_FUNCTION = YES;
				GCC_WARN_UNUSED_VARIABLE = YES;
				IPHONEOS_DEPLOYMENT_TARGET = 18.4;
				LOCALIZATION_PREFERS_STRING_CATALOGS = YES;
				MTL_ENABLE_DEBUG_INFO = NO;
				MTL_FAST_MATH = YES;
				SDKROOT = iphoneos;
				SWIFT_COMPILATION_MODE = wholemodule;
				VALIDATE_PRODUCT = YES;
			};
			name = Release;
		};
		A001548C2DC82C7600F9819F /* Debug */ = {
			isa = XCBuildConfiguration;
			buildSettings = {
				ASSETCATALOG_COMPILER_APPICON_NAME = AppIcon;
				ASSETCATALOG_COMPILER_GLOBAL_ACCENT_COLOR_NAME = AccentColor;
				CODE_SIGN_STYLE = Automatic;
				CURRENT_PROJECT_VERSION = 1;
				DEVELOPMENT_TEAM = 35AG3P6KDM;
				ENABLE_PREVIEWS = YES;
				GENERATE_INFOPLIST_FILE = YES;
				INFOPLIST_KEY_UIApplicationSceneManifest_Generation = YES;
				INFOPLIST_KEY_UIApplicationSupportsIndirectInputEvents = YES;
				INFOPLIST_KEY_UILaunchScreen_Generation = YES;
				INFOPLIST_KEY_UISupportedInterfaceOrientations_iPad = "UIInterfaceOrientationPortrait UIInterfaceOrientationPortraitUpsideDown UIInterfaceOrientationLandscapeLeft UIInterfaceOrientationLandscapeRight";
				INFOPLIST_KEY_UISupportedInterfaceOrientations_iPhone = "UIInterfaceOrientationPortrait UIInterfaceOrientationLandscapeLeft UIInterfaceOrientationLandscapeRight";
				LD_RUNPATH_SEARCH_PATHS = (
					"$(inherited)",
					"@executable_path/Frameworks",
				);
				MARKETING_VERSION = 1.0;
				PRODUCT_BUNDLE_IDENTIFIER = com.scramble.LAScramble;
				PRODUCT_NAME = "$(TARGET_NAME)";
				SWIFT_EMIT_LOC_STRINGS = YES;
				SWIFT_VERSION = 5.0;
				TARGETED_DEVICE_FAMILY = "1,2";
			};
			name = Debug;
		};
		A001548D2DC82C7600F9819F /* Release */ = {
			isa = XCBuildConfiguration;
			buildSettings = {
				ASSETCATALOG_COMPILER_APPICON_NAME = AppIcon;
				ASSETCATALOG_COMPILER_GLOBAL_ACCENT_COLOR_NAME = AccentColor;
				CODE_SIGN_STYLE = Automatic;
				CURRENT_PROJECT_VERSION = 1;
				DEVELOPMENT_TEAM = 35AG3P6KDM;
				ENABLE_PREVIEWS = YES;
				GENERATE_INFOPLIST_FILE = YES;
				INFOPLIST_KEY_UIApplicationSceneManifest_Generation = YES;
				INFOPLIST_KEY_UIApplicationSupportsIndirectInputEvents = YES;
				INFOPLIST_KEY_UILaunchScreen_Generation = YES;
				INFOPLIST_KEY_UISupportedInterfaceOrientations_iPad = "UIInterfaceOrientationPortrait UIInterfaceOrientationPortraitUpsideDown UIInterfaceOrientationLandscapeLeft UIInterfaceOrientationLandscapeRight";
				INFOPLIST_KEY_UISupportedInterfaceOrientations_iPhone = "UIInterfaceOrientationPortrait UIInterfaceOrientationLandscapeLeft UIInterfaceOrientationLandscapeRight";
				LD_RUNPATH_SEARCH_PATHS = (
					"$(inherited)",
					"@executable_path/Frameworks",
				);
				MARKETING_VERSION = 1.0;
				PRODUCT_BUNDLE_IDENTIFIER = com.scramble.LAScramble;
				PRODUCT_NAME = "$(TARGET_NAME)";
				SWIFT_EMIT_LOC_STRINGS = YES;
				SWIFT_VERSION = 5.0;
				TARGETED_DEVICE_FAMILY = "1,2";
			};
			name = Release;
		};
		A001548F2DC82C7600F9819F /* Debug */ = {
			isa = XCBuildConfiguration;
			buildSettings = {
				BUNDLE_LOADER = "$(TEST_HOST)";
				CODE_SIGN_STYLE = Automatic;
				CURRENT_PROJECT_VERSION = 1;
				DEVELOPMENT_TEAM = 35AG3P6KDM;
				GENERATE_INFOPLIST_FILE = YES;
				IPHONEOS_DEPLOYMENT_TARGET = 18.4;
				MARKETING_VERSION = 1.0;
				PRODUCT_BUNDLE_IDENTIFIER = com.scramble.LAScrambleTests;
				PRODUCT_NAME = "$(TARGET_NAME)";
				SWIFT_EMIT_LOC_STRINGS = NO;
				SWIFT_VERSION = 5.0;
				TARGETED_DEVICE_FAMILY = "1,2";
				TEST_HOST = "$(BUILT_PRODUCTS_DIR)/LAScramble.app/$(BUNDLE_EXECUTABLE_FOLDER_PATH)/LAScramble";
			};
			name = Debug;
		};
		A00154902DC82C7600F9819F /* Release */ = {
			isa = XCBuildConfiguration;
			buildSettings = {
				BUNDLE_LOADER = "$(TEST_HOST)";
				CODE_SIGN_STYLE = Automatic;
				CURRENT_PROJECT_VERSION = 1;
				DEVELOPMENT_TEAM = 35AG3P6KDM;
				GENERATE_INFOPLIST_FILE = YES;
				IPHONEOS_DEPLOYMENT_TARGET = 18.4;
				MARKETING_VERSION = 1.0;
				PRODUCT_BUNDLE_IDENTIFIER = com.scramble.LAScrambleTests;
				PRODUCT_NAME = "$(TARGET_NAME)";
				SWIFT_EMIT_LOC_STRINGS = NO;
				SWIFT_VERSION = 5.0;
				TARGETED_DEVICE_FAMILY = "1,2";
				TEST_HOST = "$(BUILT_PRODUCTS_DIR)/LAScramble.app/$(BUNDLE_EXECUTABLE_FOLDER_PATH)/LAScramble";
			};
			name = Release;
		};
		A00154922DC82C7600F9819F /* Debug */ = {
			isa = XCBuildConfiguration;
			buildSettings = {
				CODE_SIGN_STYLE = Automatic;
				CURRENT_PROJECT_VERSION = 1;
				DEVELOPMENT_TEAM = 35AG3P6KDM;
				GENERATE_INFOPLIST_FILE = YES;
				MARKETING_VERSION = 1.0;
				PRODUCT_BUNDLE_IDENTIFIER = com.scramble.LAScrambleUITests;
				PRODUCT_NAME = "$(TARGET_NAME)";
				SWIFT_EMIT_LOC_STRINGS = NO;
				SWIFT_VERSION = 5.0;
				TARGETED_DEVICE_FAMILY = "1,2";
				TEST_TARGET_NAME = LAScramble;
			};
			name = Debug;
		};
		A00154932DC82C7600F9819F /* Release */ = {
			isa = XCBuildConfiguration;
			buildSettings = {
				CODE_SIGN_STYLE = Automatic;
				CURRENT_PROJECT_VERSION = 1;
				DEVELOPMENT_TEAM = 35AG3P6KDM;
				GENERATE_INFOPLIST_FILE = YES;
				MARKETING_VERSION = 1.0;
				PRODUCT_BUNDLE_IDENTIFIER = com.scramble.LAScrambleUITests;
				PRODUCT_NAME = "$(TARGET_NAME)";
				SWIFT_EMIT_LOC_STRINGS = NO;
				SWIFT_VERSION = 5.0;
				TARGETED_DEVICE_FAMILY = "1,2";
				TEST_TARGET_NAME = LAScramble;
			};
			name = Release;
		};
/* End XCBuildConfiguration section */

/* Begin XCConfigurationList section */
		A00154652DC82C7500F9819F /* Build configuration list for PBXProject "LAScramble" */ = {
			isa = XCConfigurationList;
			buildConfigurations = (
				A00154892DC82C7600F9819F /* Debug */,
				A001548A2DC82C7600F9819F /* Release */,
			);
			defaultConfigurationIsVisible = 0;
			defaultConfigurationName = Release;
		};
		A001548B2DC82C7600F9819F /* Build configuration list for PBXNativeTarget "LAScramble" */ = {
			isa = XCConfigurationList;
			buildConfigurations = (
				A001548C2DC82C7600F9819F /* Debug */,
				A001548D2DC82C7600F9819F /* Release */,
			);
			defaultConfigurationIsVisible = 0;
			defaultConfigurationName = Release;
		};
		A001548E2DC82C7600F9819F /* Build configuration list for PBXNativeTarget "LAScrambleTests" */ = {
			isa = XCConfigurationList;
			buildConfigurations = (
				A001548F2DC82C7600F9819F /* Debug */,
				A00154902DC82C7600F9819F /* Release */,
			);
			defaultConfigurationIsVisible = 0;
			defaultConfigurationName = Release;
		};
		A00154912DC82C7600F9819F /* Build configuration list for PBXNativeTarget "LAScrambleUITests" */ = {
			isa = XCConfigurationList;
			buildConfigurations = (
				A00154922DC82C7600F9819F /* Debug */,
				A00154932DC82C7600F9819F /* Release */,
			);
			defaultConfigurationIsVisible = 0;
			defaultConfigurationName = Release;
		};
/* End XCConfigurationList section */

/* Begin XCRemoteSwiftPackageReference section */
		A00154962DC82D6900F9819F /* XCRemoteSwiftPackageReference "firebase-ios-sdk" */ = {
			isa = XCRemoteSwiftPackageReference;
			repositoryURL = "https://github.com/firebase/firebase-ios-sdk";
			requirement = {
				kind = upToNextMajorVersion;
				minimumVersion = 11.12.0;
			};
		};
/* End XCRemoteSwiftPackageReference section */

/* Begin XCSwiftPackageProductDependency section */
		A00154972DC82D6900F9819F /* FirebaseAuth */ = {
			isa = XCSwiftPackageProductDependency;
			package = A00154962DC82D6900F9819F /* XCRemoteSwiftPackageReference "firebase-ios-sdk" */;
			productName = FirebaseAuth;
		};
		A00154992DC82D6900F9819F /* FirebaseCore */ = {
			isa = XCSwiftPackageProductDependency;
			package = A00154962DC82D6900F9819F /* XCRemoteSwiftPackageReference "firebase-ios-sdk" */;
			productName = FirebaseCore;
		};
		A001549B2DC82D6900F9819F /* FirebaseFirestore */ = {
			isa = XCSwiftPackageProductDependency;
			package = A00154962DC82D6900F9819F /* XCRemoteSwiftPackageReference "firebase-ios-sdk" */;
			productName = FirebaseFirestore;
		};
		A001549D2DC82D6900F9819F /* FirebaseStorage */ = {
			isa = XCSwiftPackageProductDependency;
			package = A00154962DC82D6900F9819F /* XCRemoteSwiftPackageReference "firebase-ios-sdk" */;
			productName = FirebaseStorage;
		};
/* End XCSwiftPackageProductDependency section */
	};
	rootObject = A00154622DC82C7500F9819F /* Project object */;
}
